
Microsoft Visual Studio Solution File, Format Version 12.00
# Visual Studio for Mac
Project("{FAE04EC0-301F-11D3-BF4B-00C04F79EFBC}") = "Assembly-CSharp", "Assembly-CSharp.csproj", "{90C77FC1-EA2E-B089-7B2D-6AC2711B36F9}"
EndProject
Project("{FAE04EC0-301F-11D3-BF4B-00C04F79EFBC}") = "Assembly-CSharp-firstpass", "Assembly-CSharp-firstpass.csproj", "{E508807D-2E5B-23F1-F344-7E725FA2FFE2}"
EndProject
Project("{FAE04EC0-301F-11D3-BF4B-00C04F79EFBC}") = "Assembly-CSharp-Editor-firstpass", "Assembly-CSharp-Editor-firstpass.csproj", "{B3844EC7-0958-B877-8EBF-77A565EFE351}"
EndProject
Global
	GlobalSection(SolutionConfigurationPlatforms) = preSolution
		Debug|Any CPU = Debug|Any CPU
		Release|Any CPU = Release|Any CPU
	EndGlobalSection
	GlobalSection(ProjectConfigurationPlatforms) = postSolution
		{90C77FC1-EA2E-B089-7B2D-6AC2711B36F9}.Debug|Any CPU.ActiveCfg = Debug|Any CPU
		{90C77FC1-EA2E-B089-7B2D-6AC2711B36F9}.Debug|Any CPU.Build.0 = Debug|Any CPU
		{90C77FC1-EA2E-B089-7B2D-6AC2711B36F9}.Release|Any CPU.ActiveCfg = Release|Any CPU
		{90C77FC1-EA2E-B089-7B2D-6AC2711B36F9}.Release|Any CPU.Build.0 = Release|Any CPU
		{E508807D-2E5B-23F1-F344-7E725FA2FFE2}.Debug|Any CPU.ActiveCfg = Debug|Any CPU
		{E508807D-2E5B-23F1-F344-7E725FA2FFE2}.Debug|Any CPU.Build.0 = Debug|Any CPU
		{E508807D-2E5B-23F1-F344-7E725FA2FFE2}.Release|Any CPU.ActiveCfg = Release|Any CPU
		{E508807D-2E5B-23F1-F344-7E725FA2FFE2}.Release|Any CPU.Build.0 = Release|Any CPU
		{B3844EC7-0958-B877-8EBF-77A565EFE351}.Debug|Any CPU.ActiveCfg = Debug|Any CPU
		{B3844EC7-0958-B877-8EBF-77A565EFE351}.Debug|Any CPU.Build.0 = Debug|Any CPU
		{B3844EC7-0958-B877-8EBF-77A565EFE351}.Release|Any CPU.ActiveCfg = Release|Any CPU
		{B3844EC7-0958-B877-8EBF-77A565EFE351}.Release|Any CPU.Build.0 = Release|Any CPU
	EndGlobalSection
	GlobalSection(SolutionProperties) = preSolution
		HideSolutionNode = FALSE
	EndGlobalSection
EndGlobal
